
Microsoft Visual Studio Solution File, Format Version 12.00
# Visual Studio Version 17
VisualStudioVersion = 17.7.34024.191
MinimumVisualStudioVersion = 10.0.40219.1
Project("{FAE04EC0-301F-11D3-BF4B-00C04F79EFBC}") = "NewYear", "NewYear\NewYear.csproj", "{822DCE17-AE33-4EDE-8AA3-0533D377465A}"
EndProject
Global
	GlobalSection(SolutionConfigurationPlatforms) = preSolution
		Debug|Any CPU = Debug|Any CPU
		Release|Any CPU = Release|Any CPU
	EndGlobalSection
	GlobalSection(ProjectConfigurationPlatforms) = postSolution
		{822DCE17-AE33-4EDE-8AA3-0533D377465A}.Debug|Any CPU.ActiveCfg = Debug|Any CPU
		{822DCE17-AE33-4EDE-8AA3-0533D377465A}.Debug|Any CPU.Build.0 = Debug|Any CPU
		{822DCE17-AE33-4EDE-8AA3-0533D377465A}.Release|Any CPU.ActiveCfg = Release|Any CPU
		{822DCE17-AE33-4EDE-8AA3-0533D377465A}.Release|Any CPU.Build.0 = Release|Any CPU
	EndGlobalSection
	GlobalSection(SolutionProperties) = preSolution
		HideSolutionNode = FALSE
	EndGlobalSection
	GlobalSection(ExtensibilityGlobals) = postSolution
		SolutionGuid = {2AD3286A-AF18-4490-AFE7-BB23A54067BD}
	EndGlobalSection
EndGlobal
